// !$*UTF8*$!
{
	archiveVersion = 1;
	classes = {
	};
	objectVersion = 50;
	objects = {

/* Begin PBXBuildFile section */
		D592AEBB25DB7B5B00C57B38 /* toDoListApp.swift in Sources */ = {isa = PBXBuildFile; fileRef = D592AEBA25DB7B5B00C57B38 /* toDoListApp.swift */; };
		D592AEBD25DB7B5B00C57B38 /* ContentView.swift in Sources */ = {isa = PBXBuildFile; fileRef = D592AEBC25DB7B5B00C57B38 /* ContentView.swift */; };
		D592AEBF25DB7B5E00C57B38 /* Assets.xcassets in Resources */ = {isa = PBXBuildFile; fileRef = D592AEBE25DB7B5E00C57B38 /* Assets.xcassets */; };
		D592AEC225DB7B5E00C57B38 /* Preview Assets.xcassets in Resources */ = {isa = PBXBuildFile; fileRef = D592AEC125DB7B5E00C57B38 /* Preview Assets.xcassets */; };
		D592AECD25DB7B5E00C57B38 /* toDoListTests.swift in Sources */ = {isa = PBXBuildFile; fileRef = D592AECC25DB7B5E00C57B38 /* toDoListTests.swift */; };
		D592AED825DB7B5F00C57B38 /* toDoListUITests.swift in Sources */ = {isa = PBXBuildFile; fileRef = D592AED725DB7B5F00C57B38 /* toDoListUITests.swift */; };
/* End PBXBuildFile section */

/* Begin PBXContainerItemProxy section */
		D592AEC925DB7B5E00C57B38 /* PBXContainerItemProxy */ = {
			isa = PBXContainerItemProxy;
			containerPortal = D592AEAF25DB7B5B00C57B38 /* Project object */;
			proxyType = 1;
			remoteGlobalIDString = D592AEB625DB7B5B00C57B38;
			remoteInfo = toDoList;
		};
		D592AED425DB7B5F00C57B38 /* PBXContainerItemProxy */ = {
			isa = PBXContainerItemProxy;
			containerPortal = D592AEAF25DB7B5B00C57B38 /* Project object */;
			proxyType = 1;
			remoteGlobalIDString = D592AEB625DB7B5B00C57B38;
			remoteInfo = toDoList;
		};
/* End PBXContainerItemProxy section */

/* Begin PBXFileReference section */
		D592AEB725DB7B5B00C57B38 /* toDoList.app */ = {isa = PBXFileReference; explicitFileType = wrapper.application; includeInIndex = 0; path = toDoList.app; sourceTree = BUILT_PRODUCTS_DIR; };
		D592AEBA25DB7B5B00C57B38 /* toDoListApp.swift */ = {isa = PBXFileReference; lastKnownFileType = sourcecode.swift; path = toDoListApp.swift; sourceTree = "<group>"; };
		D592AEBC25DB7B5B00C57B38 /* ContentView.swift */ = {isa = PBXFileReference; lastKnownFileType = sourcecode.swift; path = ContentView.swift; sourceTree = "<group>"; };
		D592AEBE25DB7B5E00C57B38 /* Assets.xcassets */ = {isa = PBXFileReference; lastKnownFileType = folder.assetcatalog; path = Assets.xcassets; sourceTree = "<group>"; };
		D592AEC125DB7B5E00C57B38 /* Preview Assets.xcassets */ = {isa = PBXFileReference; lastKnownFileType = folder.assetcatalog; path = "Preview Assets.xcassets"; sourceTree = "<group>"; };
		D592AEC325DB7B5E00C57B38 /* Info.plist */ = {isa = PBXFileReference; lastKnownFileType = text.plist.xml; path = Info.plist; sourceTree = "<group>"; };
		D592AEC825DB7B5E00C57B38 /* toDoListTests.xctest */ = {isa = PBXFileReference; explicitFileType = wrapper.cfbundle; includeInIndex = 0; path = toDoListTests.xctest; sourceTree = BUILT_PRODUCTS_DIR; };
		D592AECC25DB7B5E00C57B38 /* toDoListTests.swift */ = {isa = PBXFileReference; lastKnownFileType = sourcecode.swift; path = toDoListTests.swift; sourceTree = "<group>"; };
		D592AECE25DB7B5E00C57B38 /* Info.plist */ = {isa = PBXFileReference; lastKnownFileType = text.plist.xml; path = Info.plist; sourceTree = "<group>"; };
		D592AED325DB7B5F00C57B38 /* toDoListUITests.xctest */ = {isa = PBXFileReference; explicitFileType = wrapper.cfbundle; includeInIndex = 0; path = toDoListUITests.xctest; sourceTree = BUILT_PRODUCTS_DIR; };
		D592AED725DB7B5F00C57B38 /* toDoListUITests.swift */ = {isa = PBXFileReference; lastKnownFileType = sourcecode.swift; path = toDoListUITests.swift; sourceTree = "<group>"; };
		D592AED925DB7B5F00C57B38 /* Info.plist */ = {isa = PBXFileReference; lastKnownFileType = text.plist.xml; path = Info.plist; sourceTree = "<group>"; };
/* End PBXFileReference section */

/* Begin PBXFrameworksBuildPhase section */
		D592AEB425DB7B5B00C57B38 /* Frameworks */ = {
			isa = PBXFrameworksBuildPhase;
			buildActionMask = 2147483647;
			files = (
			);
			runOnlyForDeploymentPostprocessing = 0;
		};
		D592AEC525DB7B5E00C57B38 /* Frameworks */ = {
			isa = PBXFrameworksBuildPhase;
			buildActionMask = 2147483647;
			files = (
			);
			runOnlyForDeploymentPostprocessing = 0;
		};
		D592AED025DB7B5F00C57B38 /* Frameworks */ = {
			isa = PBXFrameworksBuildPhase;
			buildActionMask = 2147483647;
			files = (
			);
			runOnlyForDeploymentPostprocessing = 0;
		};
/* End PBXFrameworksBuildPhase section */

/* Begin PBXGroup section */
		D592AEAE25DB7B5B00C57B38 = {
			isa = PBXGroup;
			children = (
				D592AEB925DB7B5B00C57B38 /* toDoList */,
				D592AECB25DB7B5E00C57B38 /* toDoListTests */,
				D592AED625DB7B5F00C57B38 /* toDoListUITests */,
				D592AEB825DB7B5B00C57B38 /* Products */,
			);
			sourceTree = "<group>";
		};
		D592AEB825DB7B5B00C57B38 /* Products */ = {
			isa = PBXGroup;
			children = (
				D592AEB725DB7B5B00C57B38 /* toDoList.app */,
				D592AEC825DB7B5E00C57B38 /* toDoListTests.xctest */,
				D592AED325DB7B5F00C57B38 /* toDoListUITests.xctest */,
			);
			name = Products;
			sourceTree = "<group>";
		};
		D592AEB925DB7B5B00C57B38 /* toDoList */ = {
			isa = PBXGroup;
			children = (
				D592AEBA25DB7B5B00C57B38 /* toDoListApp.swift */,
				D592AEBC25DB7B5B00C57B38 /* ContentView.swift */,
				D592AEBE25DB7B5E00C57B38 /* Assets.xcassets */,
				D592AEC325DB7B5E00C57B38 /* Info.plist */,
				D592AEC025DB7B5E00C57B38 /* Preview Content */,
			);
			path = toDoList;
			sourceTree = "<group>";
		};
		D592AEC025DB7B5E00C57B38 /* Preview Content */ = {
			isa = PBXGroup;
			children = (
				D592AEC125DB7B5E00C57B38 /* Preview Assets.xcassets */,
			);
			path = "Preview Content";
			sourceTree = "<group>";
		};
		D592AECB25DB7B5E00C57B38 /* toDoListTests */ = {
			isa = PBXGroup;
			children = (
				D592AECC25DB7B5E00C57B38 /* toDoListTests.swift */,
				D592AECE25DB7B5E00C57B38 /* Info.plist */,
			);
			path = toDoListTests;
			sourceTree = "<group>";
		};
		D592AED625DB7B5F00C57B38 /* toDoListUITests */ = {
			isa = PBXGroup;
			children = (
				D592AED725DB7B5F00C57B38 /* toDoListUITests.swift */,
				D592AED925DB7B5F00C57B38 /* Info.plist */,
			);
			path = toDoListUITests;
			sourceTree = "<group>";
		};
/* End PBXGroup section */

/* Begin PBXNativeTarget section */
		D592AEB625DB7B5B00C57B38 /* toDoList */ = {
			isa = PBXNativeTarget;
			buildConfigurationList = D592AEDC25DB7B5F00C57B38 /* Build configuration list for PBXNativeTarget "toDoList" */;
			buildPhases = (
				D592AEB325DB7B5B00C57B38 /* Sources */,
				D592AEB425DB7B5B00C57B38 /* Frameworks */,
				D592AEB525DB7B5B00C57B38 /* Resources */,
			);
			buildRules = (
			);
			dependencies = (
			);
			name = toDoList;
			productName = toDoList;
			productReference = D592AEB725DB7B5B00C57B38 /* toDoList.app */;
			productType = "com.apple.product-type.application";
		};
		D592AEC725DB7B5E00C57B38 /* toDoListTests */ = {
			isa = PBXNativeTarget;
			buildConfigurationList = D592AEDF25DB7B5F00C57B38 /* Build configuration list for PBXNativeTarget "toDoListTests" */;
			buildPhases = (
				D592AEC425DB7B5E00C57B38 /* Sources */,
				D592AEC525DB7B5E00C57B38 /* Frameworks */,
				D592AEC625DB7B5E00C57B38 /* Resources */,
			);
			buildRules = (
			);
			dependencies = (
				D592AECA25DB7B5E00C57B38 /* PBXTargetDependency */,
			);
			name = toDoListTests;
			productName = toDoListTests;
			productReference = D592AEC825DB7B5E00C57B38 /* toDoListTests.xctest */;
			productType = "com.apple.product-type.bundle.unit-test";
		};
		D592AED225DB7B5F00C57B38 /* toDoListUITests */ = {
			isa = PBXNativeTarget;
			buildConfigurationList = D592AEE225DB7B5F00C57B38 /* Build configuration list for PBXNativeTarget "toDoListUITests" */;
			buildPhases = (
				D592AECF25DB7B5F00C57B38 /* Sources */,
				D592AED025DB7B5F00C57B38 /* Frameworks */,
				D592AED125DB7B5F00C57B38 /* Resources */,
			);
			buildRules = (
			);
			dependencies = (
				D592AED525DB7B5F00C57B38 /* PBXTargetDependency */,
			);
			name = toDoListUITests;
			productName = toDoListUITests;
			productReference = D592AED325DB7B5F00C57B38 /* toDoListUITests.xctest */;
			productType = "com.apple.product-type.bundle.ui-testing";
		};
/* End PBXNativeTarget section */

/* Begin PBXProject section */
		D592AEAF25DB7B5B00C57B38 /* Project object */ = {
			isa = PBXProject;
			attributes = {
				LastSwiftUpdateCheck = 1230;
				LastUpgradeCheck = 1230;
				TargetAttributes = {
					D592AEB625DB7B5B00C57B38 = {
						CreatedOnToolsVersion = 12.3;
					};
					D592AEC725DB7B5E00C57B38 = {
						CreatedOnToolsVersion = 12.3;
						TestTargetID = D592AEB625DB7B5B00C57B38;
					};
					D592AED225DB7B5F00C57B38 = {
						CreatedOnToolsVersion = 12.3;
						TestTargetID = D592AEB625DB7B5B00C57B38;
					};
				};
			};
			buildConfigurationList = D592AEB225DB7B5B00C57B38 /* Build configuration list for PBXProject "toDoList" */;
			compatibilityVersion = "Xcode 9.3";
			developmentRegion = en;
			hasScannedForEncodings = 0;
			knownRegions = (
				en,
				Base,
			);
			mainGroup = D592AEAE25DB7B5B00C57B38;
			productRefGroup = D592AEB825DB7B5B00C57B38 /* Products */;
			projectDirPath = "";
			projectRoot = "";
			targets = (
				D592AEB625DB7B5B00C57B38 /* toDoList */,
				D592AEC725DB7B5E00C57B38 /* toDoListTests */,
				D592AED225DB7B5F00C57B38 /* toDoListUITests */,
			);
		};
/* End PBXProject section */

/* Begin PBXResourcesBuildPhase section */
		D592AEB525DB7B5B00C57B38 /* Resources */ = {
			isa = PBXResourcesBuildPhase;
			buildActionMask = 2147483647;
			files = (
				D592AEC225DB7B5E00C57B38 /* Preview Assets.xcassets in Resources */,
				D592AEBF25DB7B5E00C57B38 /* Assets.xcassets in Resources */,
			);
			runOnlyForDeploymentPostprocessing = 0;
		};
		D592AEC625DB7B5E00C57B38 /* Resources */ = {
			isa = PBXResourcesBuildPhase;
			buildActionMask = 2147483647;
			files = (
			);
			runOnlyForDeploymentPostprocessing = 0;
		};
		D592AED125DB7B5F00C57B38 /* Resources */ = {
			isa = PBXResourcesBuildPhase;
			buildActionMask = 2147483647;
			files = (
			);
			runOnlyForDeploymentPostprocessing = 0;
		};
/* End PBXResourcesBuildPhase section */

/* Begin PBXSourcesBuildPhase section */
		D592AEB325DB7B5B00C57B38 /* Sources */ = {
			isa = PBXSourcesBuildPhase;
			buildActionMask = 2147483647;
			files = (
				D592AEBD25DB7B5B00C57B38 /* ContentView.swift in Sources */,
				D592AEBB25DB7B5B00C57B38 /* toDoListApp.swift in Sources */,
			);
			runOnlyForDeploymentPostprocessing = 0;
		};
		D592AEC425DB7B5E00C57B38 /* Sources */ = {
			isa = PBXSourcesBuildPhase;
			buildActionMask = 2147483647;
			files = (
				D592AECD25DB7B5E00C57B38 /* toDoListTests.swift in Sources */,
			);
			runOnlyForDeploymentPostprocessing = 0;
		};
		D592AECF25DB7B5F00C57B38 /* Sources */ = {
			isa = PBXSourcesBuildPhase;
			buildActionMask = 2147483647;
			files = (
				D592AED825DB7B5F00C57B38 /* toDoListUITests.swift in Sources */,
			);
			runOnlyForDeploymentPostprocessing = 0;
		};
/* End PBXSourcesBuildPhase section */

/* Begin PBXTargetDependency section */
		D592AECA25DB7B5E00C57B38 /* PBXTargetDependency */ = {
			isa = PBXTargetDependency;
			target = D592AEB625DB7B5B00C57B38 /* toDoList */;
			targetProxy = D592AEC925DB7B5E00C57B38 /* PBXContainerItemProxy */;
		};
		D592AED525DB7B5F00C57B38 /* PBXTargetDependency */ = {
			isa = PBXTargetDependency;
			target = D592AEB625DB7B5B00C57B38 /* toDoList */;
			targetProxy = D592AED425DB7B5F00C57B38 /* PBXContainerItemProxy */;
		};
/* End PBXTargetDependency section */

/* Begin XCBuildConfiguration section */
		D592AEDA25DB7B5F00C57B38 /* Debug */ = {
			isa = XCBuildConfiguration;
			buildSettings = {
				ALWAYS_SEARCH_USER_PATHS = NO;
				CLANG_ANALYZER_NONNULL = YES;
				CLANG_ANALYZER_NUMBER_OBJECT_CONVERSION = YES_AGGRESSIVE;
				CLANG_CXX_LANGUAGE_STANDARD = "gnu++14";
				CLANG_CXX_LIBRARY = "libc++";
				CLANG_ENABLE_MODULES = YES;
				CLANG_ENABLE_OBJC_ARC = YES;
				CLANG_ENABLE_OBJC_WEAK = YES;
				CLANG_WARN_BLOCK_CAPTURE_AUTORELEASING = YES;
				CLANG_WARN_BOOL_CONVERSION = YES;
				CLANG_WARN_COMMA = YES;
				CLANG_WARN_CONSTANT_CONVERSION = YES;
				CLANG_WARN_DEPRECATED_OBJC_IMPLEMENTATIONS = YES;
				CLANG_WARN_DIRECT_OBJC_ISA_USAGE = YES_ERROR;
				CLANG_WARN_DOCUMENTATION_COMMENTS = YES;
				CLANG_WARN_EMPTY_BODY = YES;
				CLANG_WARN_ENUM_CONVERSION = YES;
				CLANG_WARN_INFINITE_RECURSION = YES;
				CLANG_WARN_INT_CONVERSION = YES;
				CLANG_WARN_NON_LITERAL_NULL_CONVERSION = YES;
				CLANG_WARN_OBJC_IMPLICIT_RETAIN_SELF = YES;
				CLANG_WARN_OBJC_LITERAL_CONVERSION = YES;
				CLANG_WARN_OBJC_ROOT_CLASS = YES_ERROR;
				CLANG_WARN_QUOTED_INCLUDE_IN_FRAMEWORK_HEADER = YES;
				CLANG_WARN_RANGE_LOOP_ANALYSIS = YES;
				CLANG_WARN_STRICT_PROTOTYPES = YES;
				CLANG_WARN_SUSPICIOUS_MOVE = YES;
				CLANG_WARN_UNGUARDED_AVAILABILITY = YES_AGGRESSIVE;
				CLANG_WARN_UNREACHABLE_CODE = YES;
				CLANG_WARN__DUPLICATE_METHOD_MATCH = YES;
				COPY_PHASE_STRIP = NO;
				DEBUG_INFORMATION_FORMAT = dwarf;
				ENABLE_STRICT_OBJC_MSGSEND = YES;
				ENABLE_TESTABILITY = YES;
				GCC_C_LANGUAGE_STANDARD = gnu11;
				GCC_DYNAMIC_NO_PIC = NO;
				GCC_NO_COMMON_BLOCKS = YES;
				GCC_OPTIMIZATION_LEVEL = 0;
				GCC_PREPROCESSOR_DEFINITIONS = (
					"DEBUG=1",
					"$(inherited)",
				);
				GCC_WARN_64_TO_32_BIT_CONVERSION = YES;
				GCC_WARN_ABOUT_RETURN_TYPE = YES_ERROR;
				GCC_WARN_UNDECLARED_SELECTOR = YES;
				GCC_WARN_UNINITIALIZED_AUTOS = YES_AGGRESSIVE;
				GCC_WARN_UNUSED_FUNCTION = YES;
				GCC_WARN_UNUSED_VARIABLE = YES;
				IPHONEOS_DEPLOYMENT_TARGET = 14.3;
				MTL_ENABLE_DEBUG_INFO = INCLUDE_SOURCE;
				MTL_FAST_MATH = YES;
				ONLY_ACTIVE_ARCH = YES;
				SDKROOT = iphoneos;
				SWIFT_ACTIVE_COMPILATION_CONDITIONS = DEBUG;
				SWIFT_OPTIMIZATION_LEVEL = "-Onone";
			};
			name = Debug;
		};
		D592AEDB25DB7B5F00C57B38 /* Release */ = {
			isa = XCBuildConfiguration;
			buildSettings = {
				ALWAYS_SEARCH_USER_PATHS = NO;
				CLANG_ANALYZER_NONNULL = YES;
				CLANG_ANALYZER_NUMBER_OBJECT_CONVERSION = YES_AGGRESSIVE;
				CLANG_CXX_LANGUAGE_STANDARD = "gnu++14";
				CLANG_CXX_LIBRARY = "libc++";
				CLANG_ENABLE_MODULES = YES;
				CLANG_ENABLE_OBJC_ARC = YES;
				CLANG_ENABLE_OBJC_WEAK = YES;
				CLANG_WARN_BLOCK_CAPTURE_AUTORELEASING = YES;
				CLANG_WARN_BOOL_CONVERSION = YES;
				CLANG_WARN_COMMA = YES;
				CLANG_WARN_CONSTANT_CONVERSION = YES;
				CLANG_WARN_DEPRECATED_OBJC_IMPLEMENTATIONS = YES;
				CLANG_WARN_DIRECT_OBJC_ISA_USAGE = YES_ERROR;
				CLANG_WARN_DOCUMENTATION_COMMENTS = YES;
				CLANG_WARN_EMPTY_BODY = YES;
				CLANG_WARN_ENUM_CONVERSION = YES;
				CLANG_WARN_INFINITE_RECURSION = YES;
				CLANG_WARN_INT_CONVERSION = YES;
				CLANG_WARN_NON_LITERAL_NULL_CONVERSION = YES;
				CLANG_WARN_OBJC_IMPLICIT_RETAIN_SELF = YES;
				CLANG_WARN_OBJC_LITERAL_CONVERSION = YES;
				CLANG_WARN_OBJC_ROOT_CLASS = YES_ERROR;
				CLANG_WARN_QUOTED_INCLUDE_IN_FRAMEWORK_HEADER = YES;
				CLANG_WARN_RANGE_LOOP_ANALYSIS = YES;
				CLANG_WARN_STRICT_PROTOTYPES = YES;
				CLANG_WARN_SUSPICIOUS_MOVE = YES;
				CLANG_WARN_UNGUARDED_AVAILABILITY = YES_AGGRESSIVE;
				CLANG_WARN_UNREACHABLE_CODE = YES;
				CLANG_WARN__DUPLICATE_METHOD_MATCH = YES;
				COPY_PHASE_STRIP = NO;
				DEBUG_INFORMATION_FORMAT = "dwarf-with-dsym";
				ENABLE_NS_ASSERTIONS = NO;
				ENABLE_STRICT_OBJC_MSGSEND = YES;
				GCC_C_LANGUAGE_STANDARD = gnu11;
				GCC_NO_COMMON_BLOCKS = YES;
				GCC_WARN_64_TO_32_BIT_CONVERSION = YES;
				GCC_WARN_ABOUT_RETURN_TYPE = YES_ERROR;
				GCC_WARN_UNDECLARED_SELECTOR = YES;
				GCC_WARN_UNINITIALIZED_AUTOS = YES_AGGRESSIVE;
				GCC_WARN_UNUSED_FUNCTION = YES;
				GCC_WARN_UNUSED_VARIABLE = YES;
				IPHONEOS_DEPLOYMENT_TARGET = 14.3;
				MTL_ENABLE_DEBUG_INFO = NO;
				MTL_FAST_MATH = YES;
				SDKROOT = iphoneos;
				SWIFT_COMPILATION_MODE = wholemodule;
				SWIFT_OPTIMIZATION_LEVEL = "-O";
				VALIDATE_PRODUCT = YES;
			};
			name = Release;
		};
		D592AEDD25DB7B5F00C57B38 /* Debug */ = {
			isa = XCBuildConfiguration;
			buildSettings = {
				ASSETCATALOG_COMPILER_APPICON_NAME = AppIcon;
				ASSETCATALOG_COMPILER_GLOBAL_ACCENT_COLOR_NAME = AccentColor;
				CODE_SIGN_STYLE = Automatic;
				DEVELOPMENT_ASSET_PATHS = "\"toDoList/Preview Content\"";
				ENABLE_PREVIEWS = YES;
				INFOPLIST_FILE = toDoList/Info.plist;
				IPHONEOS_DEPLOYMENT_TARGET = 14.0;
				LD_RUNPATH_SEARCH_PATHS = (
					"$(inherited)",
					"@executable_path/Frameworks",
				);
				PRODUCT_BUNDLE_IDENTIFIER = com.tuxiao.toDoList;
				PRODUCT_NAME = "$(TARGET_NAME)";
				SWIFT_VERSION = 5.0;
				TARGETED_DEVICE_FAMILY = "1,2";
			};
			name = Debug;
		};
		D592AEDE25DB7B5F00C57B38 /* Release */ = {
			isa = XCBuildConfiguration;
			buildSettings = {
				ASSETCATALOG_COMPILER_APPICON_NAME = AppIcon;
				ASSETCATALOG_COMPILER_GLOBAL_ACCENT_COLOR_NAME = AccentColor;
				CODE_SIGN_STYLE = Automatic;
				DEVELOPMENT_ASSET_PATHS = "\"toDoList/Preview Content\"";
				ENABLE_PREVIEWS = YES;
				INFOPLIST_FILE = toDoList/Info.plist;
				IPHONEOS_DEPLOYMENT_TARGET = 14.0;
				LD_RUNPATH_SEARCH_PATHS = (
					"$(inherited)",
					"@executable_path/Frameworks",
				);
				PRODUCT_BUNDLE_IDENTIFIER = com.tuxiao.toDoList;
				PRODUCT_NAME = "$(TARGET_NAME)";
				SWIFT_VERSION = 5.0;
				TARGETED_DEVICE_FAMILY = "1,2";
			};
			name = Release;
		};
		D592AEE025DB7B5F00C57B38 /* Debug */ = {
			isa = XCBuildConfiguration;
			buildSettings = {
				ALWAYS_EMBED_SWIFT_STANDARD_LIBRARIES = YES;
				BUNDLE_LOADER = "$(TEST_HOST)";
				CODE_SIGN_STYLE = Automatic;
				INFOPLIST_FILE = toDoListTests/Info.plist;
				IPHONEOS_DEPLOYMENT_TARGET = 14.0;
				LD_RUNPATH_SEARCH_PATHS = (
					"$(inherited)",
					"@executable_path/Frameworks",
					"@loader_path/Frameworks",
				);
				PRODUCT_BUNDLE_IDENTIFIER = com.tuxiao.toDoListTests;
				PRODUCT_NAME = "$(TARGET_NAME)";
				SWIFT_VERSION = 5.0;
				TARGETED_DEVICE_FAMILY = "1,2";
				TEST_HOST = "$(BUILT_PRODUCTS_DIR)/toDoList.app/toDoList";
			};
			name = Debug;
		};
		D592AEE125DB7B5F00C57B38 /* Release */ = {
			isa = XCBuildConfiguration;
			buildSettings = {
				ALWAYS_EMBED_SWIFT_STANDARD_LIBRARIES = YES;
				BUNDLE_LOADER = "$(TEST_HOST)";
				CODE_SIGN_STYLE = Automatic;
				INFOPLIST_FILE = toDoListTests/Info.plist;
				IPHONEOS_DEPLOYMENT_TARGET = 14.0;
				LD_RUNPATH_SEARCH_PATHS = (
					"$(inherited)",
					"@executable_path/Frameworks",
					"@loader_path/Frameworks",
				);
				PRODUCT_BUNDLE_IDENTIFIER = com.tuxiao.toDoListTests;
				PRODUCT_NAME = "$(TARGET_NAME)";
				SWIFT_VERSION = 5.0;
				TARGETED_DEVICE_FAMILY = "1,2";
				TEST_HOST = "$(BUILT_PRODUCTS_DIR)/toDoList.app/toDoList";
			};
			name = Release;
		};
		D592AEE325DB7B5F00C57B38 /* Debug */ = {
			isa = XCBuildConfiguration;
			buildSettings = {
				ALWAYS_EMBED_SWIFT_STANDARD_LIBRARIES = YES;
				CODE_SIGN_STYLE = Automatic;
				INFOPLIST_FILE = toDoListUITests/Info.plist;
				LD_RUNPATH_SEARCH_PATHS = (
					"$(inherited)",
					"@executable_path/Frameworks",
					"@loader_path/Frameworks",
				);
				PRODUCT_BUNDLE_IDENTIFIER = com.tuxiao.toDoListUITests;
				PRODUCT_NAME = "$(TARGET_NAME)";
				SWIFT_VERSION = 5.0;
				TARGETED_DEVICE_FAMILY = "1,2";
				TEST_TARGET_NAME = toDoList;
			};
			name = Debug;
		};
		D592AEE425DB7B5F00C57B38 /* Release */ = {
			isa = XCBuildConfiguration;
			buildSettings = {
				ALWAYS_EMBED_SWIFT_STANDARD_LIBRARIES = YES;
				CODE_SIGN_STYLE = Automatic;
				INFOPLIST_FILE = toDoListUITests/Info.plist;
				LD_RUNPATH_SEARCH_PATHS = (
					"$(inherited)",
					"@executable_path/Frameworks",
					"@loader_path/Frameworks",
				);
				PRODUCT_BUNDLE_IDENTIFIER = com.tuxiao.toDoListUITests;
				PRODUCT_NAME = "$(TARGET_NAME)";
				SWIFT_VERSION = 5.0;
				TARGETED_DEVICE_FAMILY = "1,2";
				TEST_TARGET_NAME = toDoList;
			};
			name = Release;
		};
/* End XCBuildConfiguration section */

/* Begin XCConfigurationList section */
		D592AEB225DB7B5B00C57B38 /* Build configuration list for PBXProject "toDoList" */ = {
			isa = XCConfigurationList;
			buildConfigurations = (
				D592AEDA25DB7B5F00C57B38 /* Debug */,
				D592AEDB25DB7B5F00C57B38 /* Release */,
			);
			defaultConfigurationIsVisible = 0;
			defaultConfigurationName = Release;
		};
		D592AEDC25DB7B5F00C57B38 /* Build configuration list for PBXNativeTarget "toDoList" */ = {
			isa = XCConfigurationList;
			buildConfigurations = (
				D592AEDD25DB7B5F00C57B38 /* Debug */,
				D592AEDE25DB7B5F00C57B38 /* Release */,
			);
			defaultConfigurationIsVisible = 0;
			defaultConfigurationName = Release;
		};
		D592AEDF25DB7B5F00C57B38 /* Build configuration list for PBXNativeTarget "toDoListTests" */ = {
			isa = XCConfigurationList;
			buildConfigurations = (
				D592AEE025DB7B5F00C57B38 /* Debug */,
				D592AEE125DB7B5F00C57B38 /* Release */,
			);
			defaultConfigurationIsVisible = 0;
			defaultConfigurationName = Release;
		};
		D592AEE225DB7B5F00C57B38 /* Build configuration list for PBXNativeTarget "toDoListUITests" */ = {
			isa = XCConfigurationList;
			buildConfigurations = (
				D592AEE325DB7B5F00C57B38 /* Debug */,
				D592AEE425DB7B5F00C57B38 /* Release */,
			);
			defaultConfigurationIsVisible = 0;
			defaultConfigurationName = Release;
		};
/* End XCConfigurationList section */
	};
	rootObject = D592AEAF25DB7B5B00C57B38 /* Project object */;
}
